
Microsoft Visual Studio Solution File, Format Version 12.00
# Visual Studio Version 17
VisualStudioVersion = 17.11.35327.3
MinimumVisualStudioVersion = 10.0.40219.1
Project("{8BC9CEB8-8B4A-11D0-8D11-00A0C91BC942}") = "Laba1", "Laba1\Laba1.vcxproj", "{2D8244F6-B14F-4510-B6C6-E66739CBD652}"
EndProject
Project("{8BC9CEB8-8B4A-11D0-8D11-00A0C91BC942}") = "Laba2", "Laba2\Laba2.vcxproj", "{89F119E2-03FE-457D-8185-DAA3B79134A8}"
EndProject
Project("{8BC9CEB8-8B4A-11D0-8D11-00A0C91BC942}") = "Laba3", "Laba3\Laba3.vcxproj", "{6632191B-A861-4125-9548-F7F8077BFD8E}"
EndProject
Global
	GlobalSection(SolutionConfigurationPlatforms) = preSolution
		Debug|x64 = Debug|x64
		Debug|x86 = Debug|x86
		Release|x64 = Release|x64
		Release|x86 = Release|x86
	EndGlobalSection
	GlobalSection(ProjectConfigurationPlatforms) = postSolution
		{2D8244F6-B14F-4510-B6C6-E66739CBD652}.Debug|x64.ActiveCfg = Debug|x64
		{2D8244F6-B14F-4510-B6C6-E66739CBD652}.Debug|x64.Build.0 = Debug|x64
		{2D8244F6-B14F-4510-B6C6-E66739CBD652}.Debug|x86.ActiveCfg = Debug|Win32
		{2D8244F6-B14F-4510-B6C6-E66739CBD652}.Debug|x86.Build.0 = Debug|Win32
		{2D8244F6-B14F-4510-B6C6-E66739CBD652}.Release|x64.ActiveCfg = Release|x64
		{2D8244F6-B14F-4510-B6C6-E66739CBD652}.Release|x64.Build.0 = Release|x64
		{2D8244F6-B14F-4510-B6C6-E66739CBD652}.Release|x86.ActiveCfg = Release|Win32
		{2D8244F6-B14F-4510-B6C6-E66739CBD652}.Release|x86.Build.0 = Release|Win32
		{89F119E2-03FE-457D-8185-DAA3B79134A8}.Debug|x64.ActiveCfg = Debug|x64
		{89F119E2-03FE-457D-8185-DAA3B79134A8}.Debug|x64.Build.0 = Debug|x64
		{89F119E2-03FE-457D-8185-DAA3B79134A8}.Debug|x86.ActiveCfg = Debug|Win32
		{89F119E2-03FE-457D-8185-DAA3B79134A8}.Debug|x86.Build.0 = Debug|Win32
		{89F119E2-03FE-457D-8185-DAA3B79134A8}.Release|x64.ActiveCfg = Release|x64
		{89F119E2-03FE-457D-8185-DAA3B79134A8}.Release|x64.Build.0 = Release|x64
		{89F119E2-03FE-457D-8185-DAA3B79134A8}.Release|x86.ActiveCfg = Release|Win32
		{89F119E2-03FE-457D-8185-DAA3B79134A8}.Release|x86.Build.0 = Release|Win32
		{6632191B-A861-4125-9548-F7F8077BFD8E}.Debug|x64.ActiveCfg = Debug|x64
		{6632191B-A861-4125-9548-F7F8077BFD8E}.Debug|x64.Build.0 = Debug|x64
		{6632191B-A861-4125-9548-F7F8077BFD8E}.Debug|x86.ActiveCfg = Debug|Win32
		{6632191B-A861-4125-9548-F7F8077BFD8E}.Debug|x86.Build.0 = Debug|Win32
		{6632191B-A861-4125-9548-F7F8077BFD8E}.Release|x64.ActiveCfg = Release|x64
		{6632191B-A861-4125-9548-F7F8077BFD8E}.Release|x64.Build.0 = Release|x64
		{6632191B-A861-4125-9548-F7F8077BFD8E}.Release|x86.ActiveCfg = Release|Win32
		{6632191B-A861-4125-9548-F7F8077BFD8E}.Release|x86.Build.0 = Release|Win32
	EndGlobalSection
	GlobalSection(SolutionProperties) = preSolution
		HideSolutionNode = FALSE
	EndGlobalSection
	GlobalSection(ExtensibilityGlobals) = postSolution
		SolutionGuid = {1AC20F60-DE7E-4148-B5B6-9780CD353B83}
	EndGlobalSection
EndGlobal
